// !$*UTF8*$!
{
	archiveVersion = 1;
	classes = {
	};
	objectVersion = 51;
	objects = {

/* Begin PBXBuildFile section */
		472A608D28BFF70500F614D7 /* AlbumProtocol.swift in Sources */ = {isa = PBXBuildFile; fileRef = 472A608C28BFF70500F614D7 /* AlbumProtocol.swift */; };
		472A608E28BFF70A00F614D7 /* AlbumProtocol.swift in Sources */ = {isa = PBXBuildFile; fileRef = 472A608C28BFF70500F614D7 /* AlbumProtocol.swift */; };
		472A609128BFF94400F614D7 /* AlbumModel.swift in Sources */ = {isa = PBXBuildFile; fileRef = 472A609028BFF94400F614D7 /* AlbumModel.swift */; };
		472A609228BFF94400F614D7 /* AlbumModel.swift in Sources */ = {isa = PBXBuildFile; fileRef = 472A609028BFF94400F614D7 /* AlbumModel.swift */; };
		472A609328BFFBBA00F614D7 /* ITunesResponseModel.swift in Sources */ = {isa = PBXBuildFile; fileRef = 4751F4D02451D3B000AD87D0 /* ITunesResponseModel.swift */; };
		472A609A28BFFCCB00F614D7 /* iTunesTestTests.swift in Sources */ = {isa = PBXBuildFile; fileRef = 472A609528BFFCCB00F614D7 /* iTunesTestTests.swift */; };
		472A609B28BFFCCB00F614D7 /* NetworkProviderMock.swift in Sources */ = {isa = PBXBuildFile; fileRef = 472A609628BFFCCB00F614D7 /* NetworkProviderMock.swift */; };
		472A609C28BFFCCB00F614D7 /* SearchSuccessResponse.json in Resources */ = {isa = PBXBuildFile; fileRef = 472A609828BFFCCB00F614D7 /* SearchSuccessResponse.json */; };
		472A609D28BFFCCB00F614D7 /* Info.plist in Resources */ = {isa = PBXBuildFile; fileRef = 472A609928BFFCCB00F614D7 /* Info.plist */; };
		472A609E28BFFDA100F614D7 /* NetworkProviderMock.swift in Sources */ = {isa = PBXBuildFile; fileRef = 472A609628BFFCCB00F614D7 /* NetworkProviderMock.swift */; };
		473550C3245067B5001F4679 /* AppDelegate.swift in Sources */ = {isa = PBXBuildFile; fileRef = 473550C2245067B5001F4679 /* AppDelegate.swift */; };
		473550C5245067B5001F4679 /* SceneDelegate.swift in Sources */ = {isa = PBXBuildFile; fileRef = 473550C4245067B5001F4679 /* SceneDelegate.swift */; };
		473550CA245067B6001F4679 /* Main.storyboard in Resources */ = {isa = PBXBuildFile; fileRef = 473550C8245067B6001F4679 /* Main.storyboard */; };
		473550CC245067C1001F4679 /* Assets.xcassets in Resources */ = {isa = PBXBuildFile; fileRef = 473550CB245067C1001F4679 /* Assets.xcassets */; };
		473550CF245067C1001F4679 /* LaunchScreen.storyboard in Resources */ = {isa = PBXBuildFile; fileRef = 473550CD245067C1001F4679 /* LaunchScreen.storyboard */; };
		473550D724506D3F001F4679 /* ContentViewController.swift in Sources */ = {isa = PBXBuildFile; fileRef = 473550D624506D3F001F4679 /* ContentViewController.swift */; };
		473550DE245070D2001F4679 /* Moya+Predefined.swift in Sources */ = {isa = PBXBuildFile; fileRef = 473550DD245070D2001F4679 /* Moya+Predefined.swift */; };
		473550E4245071A0001F4679 /* ContentViewModel.swift in Sources */ = {isa = PBXBuildFile; fileRef = 473550E3245071A0001F4679 /* ContentViewModel.swift */; };
		473550E7245072DC001F4679 /* BaseViewController.swift in Sources */ = {isa = PBXBuildFile; fileRef = 473550E6245072DC001F4679 /* BaseViewController.swift */; };
		473550E9245072E6001F4679 /* BaseViewModel.swift in Sources */ = {isa = PBXBuildFile; fileRef = 473550E8245072E6001F4679 /* BaseViewModel.swift */; };
		473550EB24507473001F4679 /* ITunesService.swift in Sources */ = {isa = PBXBuildFile; fileRef = 473550EA24507473001F4679 /* ITunesService.swift */; };
		473550F02450772A001F4679 /* ContentType.swift in Sources */ = {isa = PBXBuildFile; fileRef = 473550EF2450772A001F4679 /* ContentType.swift */; };
		4751F4D12451D3B000AD87D0 /* ITunesResponseModel.swift in Sources */ = {isa = PBXBuildFile; fileRef = 4751F4D02451D3B000AD87D0 /* ITunesResponseModel.swift */; };
		4751F4D32451D40500AD87D0 /* ITunesArtistModel.swift in Sources */ = {isa = PBXBuildFile; fileRef = 4751F4D22451D40500AD87D0 /* ITunesArtistModel.swift */; };
		4751F4D52451E30200AD87D0 /* Moya+Request.swift in Sources */ = {isa = PBXBuildFile; fileRef = 4751F4D42451E30200AD87D0 /* Moya+Request.swift */; };
		4751F4D72451EE7400AD87D0 /* SettingsTableViewDataSource.swift in Sources */ = {isa = PBXBuildFile; fileRef = 4751F4D62451EE7400AD87D0 /* SettingsTableViewDataSource.swift */; };
		4751F4DA245219CB00AD87D0 /* CellProtocol.swift in Sources */ = {isa = PBXBuildFile; fileRef = 4751F4D9245219CB00AD87D0 /* CellProtocol.swift */; };
		4751F4DF24521A1600AD87D0 /* ITunesNetworkService.swift in Sources */ = {isa = PBXBuildFile; fileRef = 4751F4DE24521A1600AD87D0 /* ITunesNetworkService.swift */; };
		4751F4E224521F5C00AD87D0 /* AgeService.swift in Sources */ = {isa = PBXBuildFile; fileRef = 4751F4E124521F5C00AD87D0 /* AgeService.swift */; };
		4751F4E424523B7800AD87D0 /* UIViewController+Alert.swift in Sources */ = {isa = PBXBuildFile; fileRef = 4751F4E324523B7800AD87D0 /* UIViewController+Alert.swift */; };
		4751F4EA24523D2200AD87D0 /* AlertConfig.swift in Sources */ = {isa = PBXBuildFile; fileRef = 4751F4E924523D2200AD87D0 /* AlertConfig.swift */; };
		4751F4EC24523DC700AD87D0 /* UIAlertController+Config.swift in Sources */ = {isa = PBXBuildFile; fileRef = 4751F4EB24523DC700AD87D0 /* UIAlertController+Config.swift */; };
		4751F4EF24524CA400AD87D0 /* AppService.swift in Sources */ = {isa = PBXBuildFile; fileRef = 4751F4EE24524CA300AD87D0 /* AppService.swift */; };
		475691852457AC4D00283D34 /* ImageService.swift in Sources */ = {isa = PBXBuildFile; fileRef = 475691842457AC4D00283D34 /* ImageService.swift */; };
		475691872458565A00283D34 /* ITunesParams.swift in Sources */ = {isa = PBXBuildFile; fileRef = 475691862458565A00283D34 /* ITunesParams.swift */; };
		4756918A2458591C00283D34 /* SongTableViewCell.swift in Sources */ = {isa = PBXBuildFile; fileRef = 475691892458591C00283D34 /* SongTableViewCell.swift */; };
		4756918D24585D4200283D34 /* ArtistModelProtocol.swift in Sources */ = {isa = PBXBuildFile; fileRef = 4756918C24585D4200283D34 /* ArtistModelProtocol.swift */; };
		4756918F24585D9400283D34 /* SongTableViewCellModel.swift in Sources */ = {isa = PBXBuildFile; fileRef = 4756918E24585D9400283D34 /* SongTableViewCellModel.swift */; };
		475691912459CC7300283D34 /* SongTableViewCellModelProtocol.swift in Sources */ = {isa = PBXBuildFile; fileRef = 475691902459CC7200283D34 /* SongTableViewCellModelProtocol.swift */; };
		475691942459D15600283D34 /* SettingsTableViewDataSourceProtocol.swift in Sources */ = {isa = PBXBuildFile; fileRef = 475691932459D15600283D34 /* SettingsTableViewDataSourceProtocol.swift */; };
		475691972459F74200283D34 /* CommonProtocols.swift in Sources */ = {isa = PBXBuildFile; fileRef = 475691962459F74200283D34 /* CommonProtocols.swift */; };
		4765EB2E245A1ACB00A8EED0 /* ITunesSearchEncoding.swift in Sources */ = {isa = PBXBuildFile; fileRef = 4765EB2D245A1ACB00A8EED0 /* ITunesSearchEncoding.swift */; };
		4765EB48245ADBDD00A8EED0 /* PropositionAction.swift in Sources */ = {isa = PBXBuildFile; fileRef = 4765EB47245ADBDD00A8EED0 /* PropositionAction.swift */; };
		4765EB4A245AE0ED00A8EED0 /* ReactiveErrorDispatcher.swift in Sources */ = {isa = PBXBuildFile; fileRef = 4765EB49245AE0ED00A8EED0 /* ReactiveErrorDispatcher.swift */; };
		4765EB4C245AE13A00A8EED0 /* ErrorDispatcher.swift in Sources */ = {isa = PBXBuildFile; fileRef = 4765EB4B245AE13A00A8EED0 /* ErrorDispatcher.swift */; };
		4765EB4E245AE1DB00A8EED0 /* ErrorExtractorProtocol.swift in Sources */ = {isa = PBXBuildFile; fileRef = 4765EB4D245AE1DB00A8EED0 /* ErrorExtractorProtocol.swift */; };
		4765EB50245AE21E00A8EED0 /* DefaultErrorProposer.swift in Sources */ = {isa = PBXBuildFile; fileRef = 4765EB4F245AE21E00A8EED0 /* DefaultErrorProposer.swift */; };
		4765EB52245AE39F00A8EED0 /* AlertStrings.swift in Sources */ = {isa = PBXBuildFile; fileRef = 4765EB51245AE39F00A8EED0 /* AlertStrings.swift */; };
		4765EB54245AE82B00A8EED0 /* ErrorConfig.swift in Sources */ = {isa = PBXBuildFile; fileRef = 4765EB53245AE82B00A8EED0 /* ErrorConfig.swift */; };
		4765EB59245AE89E00A8EED0 /* NSURLErrorProposer.swift in Sources */ = {isa = PBXBuildFile; fileRef = 4765EB58245AE89E00A8EED0 /* NSURLErrorProposer.swift */; };
		4765EB5C245AE91300A8EED0 /* NSURLDomainError.swift in Sources */ = {isa = PBXBuildFile; fileRef = 4765EB5B245AE91300A8EED0 /* NSURLDomainError.swift */; };
		4765EB5F245AEA1E00A8EED0 /* MoyaUnderlyingNSURLErrorExtractor.swift in Sources */ = {isa = PBXBuildFile; fileRef = 4765EB5E245AEA1E00A8EED0 /* MoyaUnderlyingNSURLErrorExtractor.swift */; };
		4765EB61245AEAAB00A8EED0 /* MoyaErrorExtractor.swift in Sources */ = {isa = PBXBuildFile; fileRef = 4765EB60245AEAAB00A8EED0 /* MoyaErrorExtractor.swift */; };
		4765EB63245AFA1800A8EED0 /* MoyaParseErrorExtractor.swift in Sources */ = {isa = PBXBuildFile; fileRef = 4765EB62245AFA1800A8EED0 /* MoyaParseErrorExtractor.swift */; };
		4765EB65245AFC4C00A8EED0 /* NSURLErrorDomainExtractor.swift in Sources */ = {isa = PBXBuildFile; fileRef = 4765EB64245AFC4C00A8EED0 /* NSURLErrorDomainExtractor.swift */; };
		4765EB67245AFD0900A8EED0 /* DecodingErrorProposer.swift in Sources */ = {isa = PBXBuildFile; fileRef = 4765EB66245AFD0900A8EED0 /* DecodingErrorProposer.swift */; };
		4765EB69245AFF5900A8EED0 /* GroupErrorProposer.swift in Sources */ = {isa = PBXBuildFile; fileRef = 4765EB68245AFF5900A8EED0 /* GroupErrorProposer.swift */; };
		4765EB6B245AFF6E00A8EED0 /* GroupErrorExtractor.swift in Sources */ = {isa = PBXBuildFile; fileRef = 4765EB6A245AFF6E00A8EED0 /* GroupErrorExtractor.swift */; };
		4766BF5928BADC3700081145 /* Constants.swift in Sources */ = {isa = PBXBuildFile; fileRef = 4766BF5828BADC3700081145 /* Constants.swift */; };
		4766BF5C28BAE00100081145 /* String+Localization.swift in Sources */ = {isa = PBXBuildFile; fileRef = 4766BF5B28BAE00100081145 /* String+Localization.swift */; };
		4766BF5D28BAE00E00081145 /* String+Localization.swift in Sources */ = {isa = PBXBuildFile; fileRef = 4766BF5B28BAE00100081145 /* String+Localization.swift */; };
		4766BF6028BAE12E00081145 /* UserDefaultsWrapper.swift in Sources */ = {isa = PBXBuildFile; fileRef = 4766BF5F28BAE12E00081145 /* UserDefaultsWrapper.swift */; };
		47934355246AEBEB00095FDE /* UIView+AddToCenter.swift in Sources */ = {isa = PBXBuildFile; fileRef = 47934354246AEBEB00095FDE /* UIView+AddToCenter.swift */; };
		47ACADE12472A96100BAC089 /* LoadingError.swift in Sources */ = {isa = PBXBuildFile; fileRef = 47ACADE02472A96100BAC089 /* LoadingError.swift */; };
		47ACADE32472ABE700BAC089 /* AppInternalErrorProposer.swift in Sources */ = {isa = PBXBuildFile; fileRef = 47ACADE22472ABE700BAC089 /* AppInternalErrorProposer.swift */; };
		47ACADE52472ADF400BAC089 /* AppInternalErrorExtractor.swift in Sources */ = {isa = PBXBuildFile; fileRef = 47ACADE42472ADF400BAC089 /* AppInternalErrorExtractor.swift */; };
		47ACADE82472AE6300BAC089 /* AppInternalError.swift in Sources */ = {isa = PBXBuildFile; fileRef = 47ACADE72472AE6300BAC089 /* AppInternalError.swift */; };
		47ACADEB247313BC00BAC089 /* ErrorProposerProtocol.swift in Sources */ = {isa = PBXBuildFile; fileRef = 47ACADEA247313BC00BAC089 /* ErrorProposerProtocol.swift */; };
		47AF122C245383AD003760EC /* ContentViewModelProtocol.swift in Sources */ = {isa = PBXBuildFile; fileRef = 47AF122B245383AD003760EC /* ContentViewModelProtocol.swift */; };
		47B8C49228BEBEF600107689 /* AlertConfigProtocol.swift in Sources */ = {isa = PBXBuildFile; fileRef = 47B8C49128BEBEF600107689 /* AlertConfigProtocol.swift */; };
		47B8C49528BEC30B00107689 /* AgeServiceProtocol.swift in Sources */ = {isa = PBXBuildFile; fileRef = 47B8C49428BEC30B00107689 /* AgeServiceProtocol.swift */; };
		47B8C49628BEC30B00107689 /* AgeServiceProtocol.swift in Sources */ = {isa = PBXBuildFile; fileRef = 47B8C49428BEC30B00107689 /* AgeServiceProtocol.swift */; };
		5A848E85456DEE68B37F99DA /* Pods_iTunesTest.framework in Frameworks */ = {isa = PBXBuildFile; fileRef = 750E20D525F1AEF8F1DAD4C7 /* Pods_iTunesTest.framework */; };
/* End PBXBuildFile section */

/* Begin PBXContainerItemProxy section */
		4765EB3B245A4DF100A8EED0 /* PBXContainerItemProxy */ = {
			isa = PBXContainerItemProxy;
			containerPortal = 473550B7245067B5001F4679 /* Project object */;
			proxyType = 1;
			remoteGlobalIDString = 473550BE245067B5001F4679;
			remoteInfo = iTunesTest;
		};
/* End PBXContainerItemProxy section */

/* Begin PBXFileReference section */
		26E62B561296D8521119D59A /* Pods-iTunesTest.debug.xcconfig */ = {isa = PBXFileReference; includeInIndex = 1; lastKnownFileType = text.xcconfig; name = "Pods-iTunesTest.debug.xcconfig"; path = "Target Support Files/Pods-iTunesTest/Pods-iTunesTest.debug.xcconfig"; sourceTree = "<group>"; };
		4723FF85245B443F00DBAEDD /* Alamofire.framework */ = {isa = PBXFileReference; explicitFileType = wrapper.framework; path = Alamofire.framework; sourceTree = BUILT_PRODUCTS_DIR; };
		4723FF87245B443F00DBAEDD /* Moya.framework */ = {isa = PBXFileReference; explicitFileType = wrapper.framework; path = Moya.framework; sourceTree = BUILT_PRODUCTS_DIR; };
		4723FF89245B443F00DBAEDD /* ReactiveCocoa.framework */ = {isa = PBXFileReference; explicitFileType = wrapper.framework; path = ReactiveCocoa.framework; sourceTree = BUILT_PRODUCTS_DIR; };
		4723FF8B245B443F00DBAEDD /* ReactiveSwift.framework */ = {isa = PBXFileReference; explicitFileType = wrapper.framework; path = ReactiveSwift.framework; sourceTree = BUILT_PRODUCTS_DIR; };
		4723FF8E245B449400DBAEDD /* Alamofire.framework */ = {isa = PBXFileReference; explicitFileType = wrapper.framework; path = Alamofire.framework; sourceTree = BUILT_PRODUCTS_DIR; };
		4723FF90245B449400DBAEDD /* Moya.framework */ = {isa = PBXFileReference; explicitFileType = wrapper.framework; path = Moya.framework; sourceTree = BUILT_PRODUCTS_DIR; };
		4723FF92245B449400DBAEDD /* ReactiveCocoa.framework */ = {isa = PBXFileReference; explicitFileType = wrapper.framework; path = ReactiveCocoa.framework; sourceTree = BUILT_PRODUCTS_DIR; };
		4723FF94245B449400DBAEDD /* ReactiveSwift.framework */ = {isa = PBXFileReference; explicitFileType = wrapper.framework; path = ReactiveSwift.framework; sourceTree = BUILT_PRODUCTS_DIR; };
		4723FF96245B449400DBAEDD /* Result.framework */ = {isa = PBXFileReference; explicitFileType = wrapper.framework; path = Result.framework; sourceTree = BUILT_PRODUCTS_DIR; };
		472A608C28BFF70500F614D7 /* AlbumProtocol.swift */ = {isa = PBXFileReference; lastKnownFileType = sourcecode.swift; path = AlbumProtocol.swift; sourceTree = "<group>"; };
		472A609028BFF94400F614D7 /* AlbumModel.swift */ = {isa = PBXFileReference; lastKnownFileType = sourcecode.swift; path = AlbumModel.swift; sourceTree = "<group>"; };
		472A609528BFFCCB00F614D7 /* iTunesTestTests.swift */ = {isa = PBXFileReference; fileEncoding = 4; lastKnownFileType = sourcecode.swift; path = iTunesTestTests.swift; sourceTree = "<group>"; };
		472A609628BFFCCB00F614D7 /* NetworkProviderMock.swift */ = {isa = PBXFileReference; fileEncoding = 4; lastKnownFileType = sourcecode.swift; path = NetworkProviderMock.swift; sourceTree = "<group>"; };
		472A609828BFFCCB00F614D7 /* SearchSuccessResponse.json */ = {isa = PBXFileReference; fileEncoding = 4; lastKnownFileType = text.json; path = SearchSuccessResponse.json; sourceTree = "<group>"; };
		472A609928BFFCCB00F614D7 /* Info.plist */ = {isa = PBXFileReference; fileEncoding = 4; lastKnownFileType = text.plist.xml; path = Info.plist; sourceTree = "<group>"; };
		473550BF245067B5001F4679 /* iTunesTest.app */ = {isa = PBXFileReference; explicitFileType = wrapper.application; includeInIndex = 0; path = iTunesTest.app; sourceTree = BUILT_PRODUCTS_DIR; };
		473550C2245067B5001F4679 /* AppDelegate.swift */ = {isa = PBXFileReference; lastKnownFileType = sourcecode.swift; path = AppDelegate.swift; sourceTree = "<group>"; };
		473550C4245067B5001F4679 /* SceneDelegate.swift */ = {isa = PBXFileReference; lastKnownFileType = sourcecode.swift; path = SceneDelegate.swift; sourceTree = "<group>"; };
		473550C9245067B6001F4679 /* Base */ = {isa = PBXFileReference; lastKnownFileType = file.storyboard; name = Base; path = Base.lproj/Main.storyboard; sourceTree = "<group>"; };
		473550CB245067C1001F4679 /* Assets.xcassets */ = {isa = PBXFileReference; lastKnownFileType = folder.assetcatalog; path = Assets.xcassets; sourceTree = "<group>"; };
		473550CE245067C1001F4679 /* Base */ = {isa = PBXFileReference; lastKnownFileType = file.storyboard; name = Base; path = Base.lproj/LaunchScreen.storyboard; sourceTree = "<group>"; };
		473550D0245067C1001F4679 /* Info.plist */ = {isa = PBXFileReference; lastKnownFileType = text.plist.xml; path = Info.plist; sourceTree = "<group>"; };
		473550D624506D3F001F4679 /* ContentViewController.swift */ = {isa = PBXFileReference; lastKnownFileType = sourcecode.swift; path = ContentViewController.swift; sourceTree = "<group>"; };
		473550DD245070D2001F4679 /* Moya+Predefined.swift */ = {isa = PBXFileReference; lastKnownFileType = sourcecode.swift; path = "Moya+Predefined.swift"; sourceTree = "<group>"; };
		473550E3245071A0001F4679 /* ContentViewModel.swift */ = {isa = PBXFileReference; lastKnownFileType = sourcecode.swift; path = ContentViewModel.swift; sourceTree = "<group>"; };
		473550E6245072DC001F4679 /* BaseViewController.swift */ = {isa = PBXFileReference; lastKnownFileType = sourcecode.swift; path = BaseViewController.swift; sourceTree = "<group>"; };
		473550E8245072E6001F4679 /* BaseViewModel.swift */ = {isa = PBXFileReference; lastKnownFileType = sourcecode.swift; path = BaseViewModel.swift; sourceTree = "<group>"; };
		473550EA24507473001F4679 /* ITunesService.swift */ = {isa = PBXFileReference; lastKnownFileType = sourcecode.swift; path = ITunesService.swift; sourceTree = "<group>"; };
		473550EF2450772A001F4679 /* ContentType.swift */ = {isa = PBXFileReference; lastKnownFileType = sourcecode.swift; path = ContentType.swift; sourceTree = "<group>"; };
		4751F4D02451D3B000AD87D0 /* ITunesResponseModel.swift */ = {isa = PBXFileReference; lastKnownFileType = sourcecode.swift; path = ITunesResponseModel.swift; sourceTree = "<group>"; };
		4751F4D22451D40500AD87D0 /* ITunesArtistModel.swift */ = {isa = PBXFileReference; lastKnownFileType = sourcecode.swift; path = ITunesArtistModel.swift; sourceTree = "<group>"; };
		4751F4D42451E30200AD87D0 /* Moya+Request.swift */ = {isa = PBXFileReference; lastKnownFileType = sourcecode.swift; path = "Moya+Request.swift"; sourceTree = "<group>"; };
		4751F4D62451EE7400AD87D0 /* SettingsTableViewDataSource.swift */ = {isa = PBXFileReference; lastKnownFileType = sourcecode.swift; path = SettingsTableViewDataSource.swift; sourceTree = "<group>"; };
		4751F4D9245219CB00AD87D0 /* CellProtocol.swift */ = {isa = PBXFileReference; lastKnownFileType = sourcecode.swift; path = CellProtocol.swift; sourceTree = "<group>"; };
		4751F4DE24521A1600AD87D0 /* ITunesNetworkService.swift */ = {isa = PBXFileReference; lastKnownFileType = sourcecode.swift; path = ITunesNetworkService.swift; sourceTree = "<group>"; };
		4751F4E124521F5C00AD87D0 /* AgeService.swift */ = {isa = PBXFileReference; lastKnownFileType = sourcecode.swift; path = AgeService.swift; sourceTree = "<group>"; };
		4751F4E324523B7800AD87D0 /* UIViewController+Alert.swift */ = {isa = PBXFileReference; lastKnownFileType = sourcecode.swift; path = "UIViewController+Alert.swift"; sourceTree = "<group>"; };
		4751F4E924523D2200AD87D0 /* AlertConfig.swift */ = {isa = PBXFileReference; lastKnownFileType = sourcecode.swift; path = AlertConfig.swift; sourceTree = "<group>"; };
		4751F4EB24523DC700AD87D0 /* UIAlertController+Config.swift */ = {isa = PBXFileReference; lastKnownFileType = sourcecode.swift; path = "UIAlertController+Config.swift"; sourceTree = "<group>"; };
		4751F4EE24524CA300AD87D0 /* AppService.swift */ = {isa = PBXFileReference; lastKnownFileType = sourcecode.swift; path = AppService.swift; sourceTree = "<group>"; };
		475691842457AC4D00283D34 /* ImageService.swift */ = {isa = PBXFileReference; lastKnownFileType = sourcecode.swift; path = ImageService.swift; sourceTree = "<group>"; };
		475691862458565A00283D34 /* ITunesParams.swift */ = {isa = PBXFileReference; lastKnownFileType = sourcecode.swift; path = ITunesParams.swift; sourceTree = "<group>"; };
		475691892458591C00283D34 /* SongTableViewCell.swift */ = {isa = PBXFileReference; lastKnownFileType = sourcecode.swift; path = SongTableViewCell.swift; sourceTree = "<group>"; };
		4756918C24585D4200283D34 /* ArtistModelProtocol.swift */ = {isa = PBXFileReference; lastKnownFileType = sourcecode.swift; path = ArtistModelProtocol.swift; sourceTree = "<group>"; };
		4756918E24585D9400283D34 /* SongTableViewCellModel.swift */ = {isa = PBXFileReference; lastKnownFileType = sourcecode.swift; path = SongTableViewCellModel.swift; sourceTree = "<group>"; };
		475691902459CC7200283D34 /* SongTableViewCellModelProtocol.swift */ = {isa = PBXFileReference; lastKnownFileType = sourcecode.swift; path = SongTableViewCellModelProtocol.swift; sourceTree = "<group>"; };
		475691932459D15600283D34 /* SettingsTableViewDataSourceProtocol.swift */ = {isa = PBXFileReference; lastKnownFileType = sourcecode.swift; path = SettingsTableViewDataSourceProtocol.swift; sourceTree = "<group>"; };
		475691962459F74200283D34 /* CommonProtocols.swift */ = {isa = PBXFileReference; lastKnownFileType = sourcecode.swift; path = CommonProtocols.swift; sourceTree = "<group>"; };
		4765EB2D245A1ACB00A8EED0 /* ITunesSearchEncoding.swift */ = {isa = PBXFileReference; lastKnownFileType = sourcecode.swift; path = ITunesSearchEncoding.swift; sourceTree = "<group>"; };
		4765EB36245A4DF100A8EED0 /* iTunesTestTests.xctest */ = {isa = PBXFileReference; explicitFileType = wrapper.cfbundle; includeInIndex = 0; path = iTunesTestTests.xctest; sourceTree = BUILT_PRODUCTS_DIR; };
		4765EB47245ADBDD00A8EED0 /* PropositionAction.swift */ = {isa = PBXFileReference; lastKnownFileType = sourcecode.swift; path = PropositionAction.swift; sourceTree = "<group>"; };
		4765EB49245AE0ED00A8EED0 /* ReactiveErrorDispatcher.swift */ = {isa = PBXFileReference; lastKnownFileType = sourcecode.swift; path = ReactiveErrorDispatcher.swift; sourceTree = "<group>"; };
		4765EB4B245AE13A00A8EED0 /* ErrorDispatcher.swift */ = {isa = PBXFileReference; lastKnownFileType = sourcecode.swift; path = ErrorDispatcher.swift; sourceTree = "<group>"; };
		4765EB4D245AE1DB00A8EED0 /* ErrorExtractorProtocol.swift */ = {isa = PBXFileReference; lastKnownFileType = sourcecode.swift; path = ErrorExtractorProtocol.swift; sourceTree = "<group>"; };
		4765EB4F245AE21E00A8EED0 /* DefaultErrorProposer.swift */ = {isa = PBXFileReference; lastKnownFileType = sourcecode.swift; path = DefaultErrorProposer.swift; sourceTree = "<group>"; };
		4765EB51245AE39F00A8EED0 /* AlertStrings.swift */ = {isa = PBXFileReference; lastKnownFileType = sourcecode.swift; path = AlertStrings.swift; sourceTree = "<group>"; };
		4765EB53245AE82B00A8EED0 /* ErrorConfig.swift */ = {isa = PBXFileReference; lastKnownFileType = sourcecode.swift; path = ErrorConfig.swift; sourceTree = "<group>"; };
		4765EB58245AE89E00A8EED0 /* NSURLErrorProposer.swift */ = {isa = PBXFileReference; lastKnownFileType = sourcecode.swift; path = NSURLErrorProposer.swift; sourceTree = "<group>"; };
		4765EB5B245AE91300A8EED0 /* NSURLDomainError.swift */ = {isa = PBXFileReference; lastKnownFileType = sourcecode.swift; path = NSURLDomainError.swift; sourceTree = "<group>"; };
		4765EB5E245AEA1E00A8EED0 /* MoyaUnderlyingNSURLErrorExtractor.swift */ = {isa = PBXFileReference; lastKnownFileType = sourcecode.swift; path = MoyaUnderlyingNSURLErrorExtractor.swift; sourceTree = "<group>"; };
		4765EB60245AEAAB00A8EED0 /* MoyaErrorExtractor.swift */ = {isa = PBXFileReference; lastKnownFileType = sourcecode.swift; path = MoyaErrorExtractor.swift; sourceTree = "<group>"; };
		4765EB62245AFA1800A8EED0 /* MoyaParseErrorExtractor.swift */ = {isa = PBXFileReference; lastKnownFileType = sourcecode.swift; path = MoyaParseErrorExtractor.swift; sourceTree = "<group>"; };
		4765EB64245AFC4C00A8EED0 /* NSURLErrorDomainExtractor.swift */ = {isa = PBXFileReference; lastKnownFileType = sourcecode.swift; path = NSURLErrorDomainExtractor.swift; sourceTree = "<group>"; };
		4765EB66245AFD0900A8EED0 /* DecodingErrorProposer.swift */ = {isa = PBXFileReference; lastKnownFileType = sourcecode.swift; path = DecodingErrorProposer.swift; sourceTree = "<group>"; };
		4765EB68245AFF5900A8EED0 /* GroupErrorProposer.swift */ = {isa = PBXFileReference; lastKnownFileType = sourcecode.swift; path = GroupErrorProposer.swift; sourceTree = "<group>"; };
		4765EB6A245AFF6E00A8EED0 /* GroupErrorExtractor.swift */ = {isa = PBXFileReference; lastKnownFileType = sourcecode.swift; path = GroupErrorExtractor.swift; sourceTree = "<group>"; };
		4766BF5828BADC3700081145 /* Constants.swift */ = {isa = PBXFileReference; lastKnownFileType = sourcecode.swift; path = Constants.swift; sourceTree = "<group>"; };
		4766BF5B28BAE00100081145 /* String+Localization.swift */ = {isa = PBXFileReference; lastKnownFileType = sourcecode.swift; path = "String+Localization.swift"; sourceTree = "<group>"; };
		4766BF5F28BAE12E00081145 /* UserDefaultsWrapper.swift */ = {isa = PBXFileReference; lastKnownFileType = sourcecode.swift; path = UserDefaultsWrapper.swift; sourceTree = "<group>"; };
		47934354246AEBEB00095FDE /* UIView+AddToCenter.swift */ = {isa = PBXFileReference; lastKnownFileType = sourcecode.swift; path = "UIView+AddToCenter.swift"; sourceTree = "<group>"; };
		47ACADE02472A96100BAC089 /* LoadingError.swift */ = {isa = PBXFileReference; lastKnownFileType = sourcecode.swift; path = LoadingError.swift; sourceTree = "<group>"; };
		47ACADE22472ABE700BAC089 /* AppInternalErrorProposer.swift */ = {isa = PBXFileReference; lastKnownFileType = sourcecode.swift; path = AppInternalErrorProposer.swift; sourceTree = "<group>"; };
		47ACADE42472ADF400BAC089 /* AppInternalErrorExtractor.swift */ = {isa = PBXFileReference; lastKnownFileType = sourcecode.swift; path = AppInternalErrorExtractor.swift; sourceTree = "<group>"; };
		47ACADE72472AE6300BAC089 /* AppInternalError.swift */ = {isa = PBXFileReference; lastKnownFileType = sourcecode.swift; path = AppInternalError.swift; sourceTree = "<group>"; };
		47ACADEA247313BC00BAC089 /* ErrorProposerProtocol.swift */ = {isa = PBXFileReference; lastKnownFileType = sourcecode.swift; path = ErrorProposerProtocol.swift; sourceTree = "<group>"; };
		47AF122B245383AD003760EC /* ContentViewModelProtocol.swift */ = {isa = PBXFileReference; lastKnownFileType = sourcecode.swift; path = ContentViewModelProtocol.swift; sourceTree = "<group>"; };
		47B8C49128BEBEF600107689 /* AlertConfigProtocol.swift */ = {isa = PBXFileReference; lastKnownFileType = sourcecode.swift; name = AlertConfigProtocol.swift; path = /Users/igor.ratynski/Code/itunestest/iTunesTest/Core/Protocol/Models/AlertConfigProtocol.swift; sourceTree = "<absolute>"; };
		47B8C49428BEC30B00107689 /* AgeServiceProtocol.swift */ = {isa = PBXFileReference; lastKnownFileType = sourcecode.swift; path = AgeServiceProtocol.swift; sourceTree = "<group>"; };
		750E20D525F1AEF8F1DAD4C7 /* Pods_iTunesTest.framework */ = {isa = PBXFileReference; explicitFileType = wrapper.framework; includeInIndex = 0; path = Pods_iTunesTest.framework; sourceTree = BUILT_PRODUCTS_DIR; };
		7F080E4DB1C3E65FBC2F73D2 /* Pods-iTunesTest.release.xcconfig */ = {isa = PBXFileReference; includeInIndex = 1; lastKnownFileType = text.xcconfig; name = "Pods-iTunesTest.release.xcconfig"; path = "Target Support Files/Pods-iTunesTest/Pods-iTunesTest.release.xcconfig"; sourceTree = "<group>"; };
/* End PBXFileReference section */

/* Begin PBXFrameworksBuildPhase section */
		473550BC245067B5001F4679 /* Frameworks */ = {
			isa = PBXFrameworksBuildPhase;
			buildActionMask = 2147483647;
			files = (
				5A848E85456DEE68B37F99DA /* Pods_iTunesTest.framework in Frameworks */,
			);
			runOnlyForDeploymentPostprocessing = 0;
		};
		4765EB33245A4DF100A8EED0 /* Frameworks */ = {
			isa = PBXFrameworksBuildPhase;
			buildActionMask = 2147483647;
			files = (
			);
			runOnlyForDeploymentPostprocessing = 0;
		};
/* End PBXFrameworksBuildPhase section */

/* Begin PBXGroup section */
		37BB0DD8F5A2F5575A040C81 /* Frameworks */ = {
			isa = PBXGroup;
			children = (
				4723FF8E245B449400DBAEDD /* Alamofire.framework */,
				4723FF90245B449400DBAEDD /* Moya.framework */,
				4723FF92245B449400DBAEDD /* ReactiveCocoa.framework */,
				4723FF94245B449400DBAEDD /* ReactiveSwift.framework */,
				4723FF96245B449400DBAEDD /* Result.framework */,
				4723FF85245B443F00DBAEDD /* Alamofire.framework */,
				4723FF87245B443F00DBAEDD /* Moya.framework */,
				4723FF89245B443F00DBAEDD /* ReactiveCocoa.framework */,
				4723FF8B245B443F00DBAEDD /* ReactiveSwift.framework */,
				750E20D525F1AEF8F1DAD4C7 /* Pods_iTunesTest.framework */,
			);
			name = Frameworks;
			sourceTree = "<group>";
		};
		472A608F28BFF92F00F614D7 /* Models */ = {
			isa = PBXGroup;
			children = (
				472A609028BFF94400F614D7 /* AlbumModel.swift */,
			);
			path = Models;
			sourceTree = "<group>";
		};
		472A609428BFFCCB00F614D7 /* iTunesTestTests */ = {
			isa = PBXGroup;
			children = (
				472A609528BFFCCB00F614D7 /* iTunesTestTests.swift */,
				472A609628BFFCCB00F614D7 /* NetworkProviderMock.swift */,
				472A609728BFFCCB00F614D7 /* TestResponseData */,
				472A609928BFFCCB00F614D7 /* Info.plist */,
			);
			path = iTunesTestTests;
			sourceTree = "<group>";
		};
		472A609728BFFCCB00F614D7 /* TestResponseData */ = {
			isa = PBXGroup;
			children = (
				472A609828BFFCCB00F614D7 /* SearchSuccessResponse.json */,
			);
			path = TestResponseData;
			sourceTree = "<group>";
		};
		473550B6245067B5001F4679 = {
			isa = PBXGroup;
			children = (
				473550C1245067B5001F4679 /* iTunesTest */,
				472A609428BFFCCB00F614D7 /* iTunesTestTests */,
				473550C0245067B5001F4679 /* Products */,
				97EC0B17B45A16D8EE51BAB9 /* Pods */,
				37BB0DD8F5A2F5575A040C81 /* Frameworks */,
			);
			sourceTree = "<group>";
		};
		473550C0245067B5001F4679 /* Products */ = {
			isa = PBXGroup;
			children = (
				473550BF245067B5001F4679 /* iTunesTest.app */,
				4765EB36245A4DF100A8EED0 /* iTunesTestTests.xctest */,
			);
			name = Products;
			sourceTree = "<group>";
		};
		473550C1245067B5001F4679 /* iTunesTest */ = {
			isa = PBXGroup;
			children = (
				4766BF5728BADC0B00081145 /* Core */,
				473550DB24506ECE001F4679 /* Model */,
				473550E12450714F001F4679 /* ScreenModule */,
				473550D824506D5C001F4679 /* Supporting Files */,
			);
			path = iTunesTest;
			sourceTree = "<group>";
		};
		473550D824506D5C001F4679 /* Supporting Files */ = {
			isa = PBXGroup;
			children = (
				473550CB245067C1001F4679 /* Assets.xcassets */,
				473550D0245067C1001F4679 /* Info.plist */,
			);
			path = "Supporting Files";
			sourceTree = "<group>";
		};
		473550D924506D6B001F4679 /* Service */ = {
			isa = PBXGroup;
			children = (
				4765EB46245ADBC700A8EED0 /* Error */,
				4751F4ED24524C9000AD87D0 /* App */,
				4751F4E024521F3C00AD87D0 /* Age */,
				473550DA24506EC6001F4679 /* Networking */,
			);
			path = Service;
			sourceTree = "<group>";
		};
		473550DA24506EC6001F4679 /* Networking */ = {
			isa = PBXGroup;
			children = (
				473550EE2450771A001F4679 /* Classes */,
				473550EA24507473001F4679 /* ITunesService.swift */,
				475691842457AC4D00283D34 /* ImageService.swift */,
			);
			path = Networking;
			sourceTree = "<group>";
		};
		473550DB24506ECE001F4679 /* Model */ = {
			isa = PBXGroup;
			children = (
				4751F4E824523D0600AD87D0 /* Alert */,
				475691982459F87600283D34 /* DataSource */,
				4766BF5E28BAE11D00081145 /* Helper */,
				472A608F28BFF92F00F614D7 /* Models */,
				4751F4E724523CFC00AD87D0 /* Network */,
				473550D924506D6B001F4679 /* Service */,
			);
			path = Model;
			sourceTree = "<group>";
		};
		473550DC245070B3001F4679 /* Extension */ = {
			isa = PBXGroup;
			children = (
				4766BF5A28BADFD300081145 /* Foundation */,
				4751F4E624523BA700AD87D0 /* Network */,
				4751F4E524523B8A00AD87D0 /* UIKit */,
			);
			path = Extension;
			sourceTree = "<group>";
		};
		473550E024507102001F4679 /* Storyboard */ = {
			isa = PBXGroup;
			children = (
				473550C8245067B6001F4679 /* Main.storyboard */,
				473550CD245067C1001F4679 /* LaunchScreen.storyboard */,
			);
			path = Storyboard;
			sourceTree = "<group>";
		};
		473550E12450714F001F4679 /* ScreenModule */ = {
			isa = PBXGroup;
			children = (
				473550E224507166001F4679 /* Content */,
				473550E024507102001F4679 /* Storyboard */,
			);
			path = ScreenModule;
			sourceTree = "<group>";
		};
		473550E224507166001F4679 /* Content */ = {
			isa = PBXGroup;
			children = (
				47569188245858F300283D34 /* Cell */,
				473550D624506D3F001F4679 /* ContentViewController.swift */,
				473550E3245071A0001F4679 /* ContentViewModel.swift */,
			);
			path = Content;
			sourceTree = "<group>";
		};
		473550E5245072BF001F4679 /* Base Class */ = {
			isa = PBXGroup;
			children = (
				473550E6245072DC001F4679 /* BaseViewController.swift */,
				473550E8245072E6001F4679 /* BaseViewModel.swift */,
			);
			path = "Base Class";
			sourceTree = "<group>";
		};
		473550EE2450771A001F4679 /* Classes */ = {
			isa = PBXGroup;
			children = (
				473550EF2450772A001F4679 /* ContentType.swift */,
				475691862458565A00283D34 /* ITunesParams.swift */,
				4765EB2D245A1ACB00A8EED0 /* ITunesSearchEncoding.swift */,
			);
			path = Classes;
			sourceTree = "<group>";
		};
		4751F4D8245219BE00AD87D0 /* Protocol */ = {
			isa = PBXGroup;
			children = (
				4751F4DB245219E200AD87D0 /* Cell */,
				475691952459F73500283D34 /* Common */,
				475691922459D13A00283D34 /* DataSource */,
				47ACADE62472AE5000BAC089 /* Error */,
				4756918B24585D3800283D34 /* Models */,
				4751F4DD245219F400AD87D0 /* Network */,
				47B8C49328BEC2F900107689 /* Service */,
				4751F4DC245219EC00AD87D0 /* ViewModel */,
			);
			path = Protocol;
			sourceTree = "<group>";
		};
		4751F4DB245219E200AD87D0 /* Cell */ = {
			isa = PBXGroup;
			children = (
				4751F4D9245219CB00AD87D0 /* CellProtocol.swift */,
			);
			path = Cell;
			sourceTree = "<group>";
		};
		4751F4DC245219EC00AD87D0 /* ViewModel */ = {
			isa = PBXGroup;
			children = (
				47AF122B245383AD003760EC /* ContentViewModelProtocol.swift */,
				475691902459CC7200283D34 /* SongTableViewCellModelProtocol.swift */,
			);
			path = ViewModel;
			sourceTree = "<group>";
		};
		4751F4DD245219F400AD87D0 /* Network */ = {
			isa = PBXGroup;
			children = (
				4751F4DE24521A1600AD87D0 /* ITunesNetworkService.swift */,
			);
			path = Network;
			sourceTree = "<group>";
		};
		4751F4E024521F3C00AD87D0 /* Age */ = {
			isa = PBXGroup;
			children = (
				4751F4E124521F5C00AD87D0 /* AgeService.swift */,
			);
			path = Age;
			sourceTree = "<group>";
		};
		4751F4E524523B8A00AD87D0 /* UIKit */ = {
			isa = PBXGroup;
			children = (
				4751F4EB24523DC700AD87D0 /* UIAlertController+Config.swift */,
				47934354246AEBEB00095FDE /* UIView+AddToCenter.swift */,
				4751F4E324523B7800AD87D0 /* UIViewController+Alert.swift */,
			);
			path = UIKit;
			sourceTree = "<group>";
		};
		4751F4E624523BA700AD87D0 /* Network */ = {
			isa = PBXGroup;
			children = (
				473550DD245070D2001F4679 /* Moya+Predefined.swift */,
				4751F4D42451E30200AD87D0 /* Moya+Request.swift */,
			);
			path = Network;
			sourceTree = "<group>";
		};
		4751F4E724523CFC00AD87D0 /* Network */ = {
			isa = PBXGroup;
			children = (
				4751F4D02451D3B000AD87D0 /* ITunesResponseModel.swift */,
				4751F4D22451D40500AD87D0 /* ITunesArtistModel.swift */,
			);
			path = Network;
			sourceTree = "<group>";
		};
		4751F4E824523D0600AD87D0 /* Alert */ = {
			isa = PBXGroup;
			children = (
				4751F4E924523D2200AD87D0 /* AlertConfig.swift */,
			);
			path = Alert;
			sourceTree = "<group>";
		};
		4751F4ED24524C9000AD87D0 /* App */ = {
			isa = PBXGroup;
			children = (
				4751F4EE24524CA300AD87D0 /* AppService.swift */,
			);
			path = App;
			sourceTree = "<group>";
		};
		47569188245858F300283D34 /* Cell */ = {
			isa = PBXGroup;
			children = (
				475691892458591C00283D34 /* SongTableViewCell.swift */,
				4756918E24585D9400283D34 /* SongTableViewCellModel.swift */,
			);
			path = Cell;
			sourceTree = "<group>";
		};
		4756918B24585D3800283D34 /* Models */ = {
			isa = PBXGroup;
			children = (
				472A608C28BFF70500F614D7 /* AlbumProtocol.swift */,
				47B8C49128BEBEF600107689 /* AlertConfigProtocol.swift */,
				4756918C24585D4200283D34 /* ArtistModelProtocol.swift */,
			);
			path = Models;
			sourceTree = "<group>";
		};
		475691922459D13A00283D34 /* DataSource */ = {
			isa = PBXGroup;
			children = (
				475691932459D15600283D34 /* SettingsTableViewDataSourceProtocol.swift */,
			);
			path = DataSource;
			sourceTree = "<group>";
		};
		475691952459F73500283D34 /* Common */ = {
			isa = PBXGroup;
			children = (
				475691962459F74200283D34 /* CommonProtocols.swift */,
			);
			path = Common;
			sourceTree = "<group>";
		};
		475691982459F87600283D34 /* DataSource */ = {
			isa = PBXGroup;
			children = (
				4751F4D62451EE7400AD87D0 /* SettingsTableViewDataSource.swift */,
			);
			path = DataSource;
			sourceTree = "<group>";
		};
		4765EB46245ADBC700A8EED0 /* Error */ = {
			isa = PBXGroup;
			children = (
				4765EB5D245AEA1200A8EED0 /* Extractor */,
				4765EB5A245AE90500A8EED0 /* Error */,
				4765EB55245AE88700A8EED0 /* Proposer */,
				4765EB51245AE39F00A8EED0 /* AlertStrings.swift */,
				4765EB53245AE82B00A8EED0 /* ErrorConfig.swift */,
				4765EB4B245AE13A00A8EED0 /* ErrorDispatcher.swift */,
				4765EB47245ADBDD00A8EED0 /* PropositionAction.swift */,
				4765EB49245AE0ED00A8EED0 /* ReactiveErrorDispatcher.swift */,
				4765EB68245AFF5900A8EED0 /* GroupErrorProposer.swift */,
				4765EB6A245AFF6E00A8EED0 /* GroupErrorExtractor.swift */,
			);
			path = Error;
			sourceTree = "<group>";
		};
		4765EB55245AE88700A8EED0 /* Proposer */ = {
			isa = PBXGroup;
			children = (
				4765EB4F245AE21E00A8EED0 /* DefaultErrorProposer.swift */,
				4765EB58245AE89E00A8EED0 /* NSURLErrorProposer.swift */,
				4765EB66245AFD0900A8EED0 /* DecodingErrorProposer.swift */,
				47ACADE22472ABE700BAC089 /* AppInternalErrorProposer.swift */,
			);
			path = Proposer;
			sourceTree = "<group>";
		};
		4765EB5A245AE90500A8EED0 /* Error */ = {
			isa = PBXGroup;
			children = (
				4765EB5B245AE91300A8EED0 /* NSURLDomainError.swift */,
				47ACADE02472A96100BAC089 /* LoadingError.swift */,
			);
			path = Error;
			sourceTree = "<group>";
		};
		4765EB5D245AEA1200A8EED0 /* Extractor */ = {
			isa = PBXGroup;
			children = (
				4765EB60245AEAAB00A8EED0 /* MoyaErrorExtractor.swift */,
				4765EB62245AFA1800A8EED0 /* MoyaParseErrorExtractor.swift */,
				4765EB5E245AEA1E00A8EED0 /* MoyaUnderlyingNSURLErrorExtractor.swift */,
				4765EB64245AFC4C00A8EED0 /* NSURLErrorDomainExtractor.swift */,
				47ACADE42472ADF400BAC089 /* AppInternalErrorExtractor.swift */,
			);
			path = Extractor;
			sourceTree = "<group>";
		};
		4766BF5728BADC0B00081145 /* Core */ = {
			isa = PBXGroup;
			children = (
				473550C2245067B5001F4679 /* AppDelegate.swift */,
				4766BF5828BADC3700081145 /* Constants.swift */,
				473550C4245067B5001F4679 /* SceneDelegate.swift */,
				473550E5245072BF001F4679 /* Base Class */,
				473550DC245070B3001F4679 /* Extension */,
				4751F4D8245219BE00AD87D0 /* Protocol */,
			);
			path = Core;
			sourceTree = "<group>";
		};
		4766BF5A28BADFD300081145 /* Foundation */ = {
			isa = PBXGroup;
			children = (
				4766BF5B28BAE00100081145 /* String+Localization.swift */,
			);
			path = Foundation;
			sourceTree = "<group>";
		};
		4766BF5E28BAE11D00081145 /* Helper */ = {
			isa = PBXGroup;
			children = (
				4766BF5F28BAE12E00081145 /* UserDefaultsWrapper.swift */,
			);
			path = Helper;
			sourceTree = "<group>";
		};
		47ACADE62472AE5000BAC089 /* Error */ = {
			isa = PBXGroup;
			children = (
				47ACADE72472AE6300BAC089 /* AppInternalError.swift */,
				4765EB4D245AE1DB00A8EED0 /* ErrorExtractorProtocol.swift */,
				47ACADEA247313BC00BAC089 /* ErrorProposerProtocol.swift */,
			);
			path = Error;
			sourceTree = "<group>";
		};
		47B8C49328BEC2F900107689 /* Service */ = {
			isa = PBXGroup;
			children = (
				47B8C49428BEC30B00107689 /* AgeServiceProtocol.swift */,
			);
			path = Service;
			sourceTree = "<group>";
		};
		97EC0B17B45A16D8EE51BAB9 /* Pods */ = {
			isa = PBXGroup;
			children = (
				26E62B561296D8521119D59A /* Pods-iTunesTest.debug.xcconfig */,
				7F080E4DB1C3E65FBC2F73D2 /* Pods-iTunesTest.release.xcconfig */,
			);
			path = Pods;
			sourceTree = "<group>";
		};
/* End PBXGroup section */

/* Begin PBXNativeTarget section */
		473550BE245067B5001F4679 /* iTunesTest */ = {
			isa = PBXNativeTarget;
			buildConfigurationList = 473550D3245067C1001F4679 /* Build configuration list for PBXNativeTarget "iTunesTest" */;
			buildPhases = (
				6A21C554A678637F58C61A4F /* [CP] Check Pods Manifest.lock */,
				473550BB245067B5001F4679 /* Sources */,
				473550BC245067B5001F4679 /* Frameworks */,
				473550BD245067B5001F4679 /* Resources */,
				C0CB3BB26CCD4B1527FFF4C7 /* [CP] Embed Pods Frameworks */,
			);
			buildRules = (
			);
			dependencies = (
			);
			name = iTunesTest;
			productName = iTunesTest;
			productReference = 473550BF245067B5001F4679 /* iTunesTest.app */;
			productType = "com.apple.product-type.application";
		};
		4765EB35245A4DF100A8EED0 /* iTunesTestTests */ = {
			isa = PBXNativeTarget;
			buildConfigurationList = 4765EB3D245A4DF100A8EED0 /* Build configuration list for PBXNativeTarget "iTunesTestTests" */;
			buildPhases = (
				4765EB32245A4DF100A8EED0 /* Sources */,
				4765EB33245A4DF100A8EED0 /* Frameworks */,
				4765EB34245A4DF100A8EED0 /* Resources */,
			);
			buildRules = (
			);
			dependencies = (
				4765EB3C245A4DF100A8EED0 /* PBXTargetDependency */,
			);
			name = iTunesTestTests;
			productName = iTunesTestTests;
			productReference = 4765EB36245A4DF100A8EED0 /* iTunesTestTests.xctest */;
			productType = "com.apple.product-type.bundle.unit-test";
		};
/* End PBXNativeTarget section */

/* Begin PBXProject section */
		473550B7245067B5001F4679 /* Project object */ = {
			isa = PBXProject;
			attributes = {
				LastSwiftUpdateCheck = 1130;
				LastUpgradeCheck = 1130;
				ORGANIZATIONNAME = "Igor Ratynski";
				TargetAttributes = {
					473550BE245067B5001F4679 = {
						CreatedOnToolsVersion = 11.3;
					};
					4765EB35245A4DF100A8EED0 = {
						CreatedOnToolsVersion = 11.3;
						TestTargetID = 473550BE245067B5001F4679;
					};
				};
			};
			buildConfigurationList = 473550BA245067B5001F4679 /* Build configuration list for PBXProject "iTunesTest" */;
			compatibilityVersion = "Xcode 9.3";
			developmentRegion = en;
			hasScannedForEncodings = 0;
			knownRegions = (
				en,
				Base,
			);
			mainGroup = 473550B6245067B5001F4679;
			productRefGroup = 473550C0245067B5001F4679 /* Products */;
			projectDirPath = "";
			projectRoot = "";
			targets = (
				473550BE245067B5001F4679 /* iTunesTest */,
				4765EB35245A4DF100A8EED0 /* iTunesTestTests */,
			);
		};
/* End PBXProject section */

/* Begin PBXResourcesBuildPhase section */
		473550BD245067B5001F4679 /* Resources */ = {
			isa = PBXResourcesBuildPhase;
			buildActionMask = 2147483647;
			files = (
				473550CF245067C1001F4679 /* LaunchScreen.storyboard in Resources */,
				473550CC245067C1001F4679 /* Assets.xcassets in Resources */,
				473550CA245067B6001F4679 /* Main.storyboard in Resources */,
			);
			runOnlyForDeploymentPostprocessing = 0;
		};
		4765EB34245A4DF100A8EED0 /* Resources */ = {
			isa = PBXResourcesBuildPhase;
			buildActionMask = 2147483647;
			files = (
				472A609C28BFFCCB00F614D7 /* SearchSuccessResponse.json in Resources */,
				472A609D28BFFCCB00F614D7 /* Info.plist in Resources */,
			);
			runOnlyForDeploymentPostprocessing = 0;
		};
/* End PBXResourcesBuildPhase section */

/* Begin PBXShellScriptBuildPhase section */
		6A21C554A678637F58C61A4F /* [CP] Check Pods Manifest.lock */ = {
			isa = PBXShellScriptBuildPhase;
			buildActionMask = 2147483647;
			files = (
			);
			inputFileListPaths = (
			);
			inputPaths = (
				"${PODS_PODFILE_DIR_PATH}/Podfile.lock",
				"${PODS_ROOT}/Manifest.lock",
			);
			name = "[CP] Check Pods Manifest.lock";
			outputFileListPaths = (
			);
			outputPaths = (
				"$(DERIVED_FILE_DIR)/Pods-iTunesTest-checkManifestLockResult.txt",
			);
			runOnlyForDeploymentPostprocessing = 0;
			shellPath = /bin/sh;
			shellScript = "diff \"${PODS_PODFILE_DIR_PATH}/Podfile.lock\" \"${PODS_ROOT}/Manifest.lock\" > /dev/null\nif [ $? != 0 ] ; then\n    # print error to STDERR\n    echo \"error: The sandbox is not in sync with the Podfile.lock. Run 'pod install' or update your CocoaPods installation.\" >&2\n    exit 1\nfi\n# This output is used by Xcode 'outputs' to avoid re-running this script phase.\necho \"SUCCESS\" > \"${SCRIPT_OUTPUT_FILE_0}\"\n";
			showEnvVarsInLog = 0;
		};
		C0CB3BB26CCD4B1527FFF4C7 /* [CP] Embed Pods Frameworks */ = {
			isa = PBXShellScriptBuildPhase;
			buildActionMask = 2147483647;
			files = (
			);
			inputFileListPaths = (
				"${PODS_ROOT}/Target Support Files/Pods-iTunesTest/Pods-iTunesTest-frameworks-${CONFIGURATION}-input-files.xcfilelist",
			);
			name = "[CP] Embed Pods Frameworks";
			outputFileListPaths = (
				"${PODS_ROOT}/Target Support Files/Pods-iTunesTest/Pods-iTunesTest-frameworks-${CONFIGURATION}-output-files.xcfilelist",
			);
			runOnlyForDeploymentPostprocessing = 0;
			shellPath = /bin/sh;
			shellScript = "\"${PODS_ROOT}/Target Support Files/Pods-iTunesTest/Pods-iTunesTest-frameworks.sh\"\n";
			showEnvVarsInLog = 0;
		};
/* End PBXShellScriptBuildPhase section */

/* Begin PBXSourcesBuildPhase section */
		473550BB245067B5001F4679 /* Sources */ = {
			isa = PBXSourcesBuildPhase;
			buildActionMask = 2147483647;
			files = (
				472A609128BFF94400F614D7 /* AlbumModel.swift in Sources */,
				4751F4D12451D3B000AD87D0 /* ITunesResponseModel.swift in Sources */,
				473550D724506D3F001F4679 /* ContentViewController.swift in Sources */,
				472A609E28BFFDA100F614D7 /* NetworkProviderMock.swift in Sources */,
				47ACADE52472ADF400BAC089 /* AppInternalErrorExtractor.swift in Sources */,
				4765EB69245AFF5900A8EED0 /* GroupErrorProposer.swift in Sources */,
				47B8C49228BEBEF600107689 /* AlertConfigProtocol.swift in Sources */,
				47ACADEB247313BC00BAC089 /* ErrorProposerProtocol.swift in Sources */,
				473550C3245067B5001F4679 /* AppDelegate.swift in Sources */,
				4751F4DA245219CB00AD87D0 /* CellProtocol.swift in Sources */,
				473550C5245067B5001F4679 /* SceneDelegate.swift in Sources */,
				4751F4E224521F5C00AD87D0 /* AgeService.swift in Sources */,
				4751F4EA24523D2200AD87D0 /* AlertConfig.swift in Sources */,
				4765EB4C245AE13A00A8EED0 /* ErrorDispatcher.swift in Sources */,
				475691852457AC4D00283D34 /* ImageService.swift in Sources */,
				4765EB48245ADBDD00A8EED0 /* PropositionAction.swift in Sources */,
				475691872458565A00283D34 /* ITunesParams.swift in Sources */,
				4765EB59245AE89E00A8EED0 /* NSURLErrorProposer.swift in Sources */,
				4765EB52245AE39F00A8EED0 /* AlertStrings.swift in Sources */,
				4751F4D52451E30200AD87D0 /* Moya+Request.swift in Sources */,
				4765EB2E245A1ACB00A8EED0 /* ITunesSearchEncoding.swift in Sources */,
				4765EB5C245AE91300A8EED0 /* NSURLDomainError.swift in Sources */,
				473550E9245072E6001F4679 /* BaseViewModel.swift in Sources */,
				472A608D28BFF70500F614D7 /* AlbumProtocol.swift in Sources */,
				47AF122C245383AD003760EC /* ContentViewModelProtocol.swift in Sources */,
				4756918A2458591C00283D34 /* SongTableViewCell.swift in Sources */,
				4751F4E424523B7800AD87D0 /* UIViewController+Alert.swift in Sources */,
				47ACADE12472A96100BAC089 /* LoadingError.swift in Sources */,
				4751F4DF24521A1600AD87D0 /* ITunesNetworkService.swift in Sources */,
				4765EB5F245AEA1E00A8EED0 /* MoyaUnderlyingNSURLErrorExtractor.swift in Sources */,
				4766BF6028BAE12E00081145 /* UserDefaultsWrapper.swift in Sources */,
				4751F4D72451EE7400AD87D0 /* SettingsTableViewDataSource.swift in Sources */,
				4751F4D32451D40500AD87D0 /* ITunesArtistModel.swift in Sources */,
				4765EB65245AFC4C00A8EED0 /* NSURLErrorDomainExtractor.swift in Sources */,
				475691912459CC7300283D34 /* SongTableViewCellModelProtocol.swift in Sources */,
				4765EB54245AE82B00A8EED0 /* ErrorConfig.swift in Sources */,
				473550F02450772A001F4679 /* ContentType.swift in Sources */,
				4765EB6B245AFF6E00A8EED0 /* GroupErrorExtractor.swift in Sources */,
				47ACADE32472ABE700BAC089 /* AppInternalErrorProposer.swift in Sources */,
				473550DE245070D2001F4679 /* Moya+Predefined.swift in Sources */,
				4756918D24585D4200283D34 /* ArtistModelProtocol.swift in Sources */,
				4765EB4A245AE0ED00A8EED0 /* ReactiveErrorDispatcher.swift in Sources */,
				4765EB61245AEAAB00A8EED0 /* MoyaErrorExtractor.swift in Sources */,
				4765EB67245AFD0900A8EED0 /* DecodingErrorProposer.swift in Sources */,
				4766BF5C28BAE00100081145 /* String+Localization.swift in Sources */,
				4751F4EF24524CA400AD87D0 /* AppService.swift in Sources */,
				47934355246AEBEB00095FDE /* UIView+AddToCenter.swift in Sources */,
				4751F4EC24523DC700AD87D0 /* UIAlertController+Config.swift in Sources */,
				4756918F24585D9400283D34 /* SongTableViewCellModel.swift in Sources */,
				473550E4245071A0001F4679 /* ContentViewModel.swift in Sources */,
				47B8C49528BEC30B00107689 /* AgeServiceProtocol.swift in Sources */,
				475691972459F74200283D34 /* CommonProtocols.swift in Sources */,
				47ACADE82472AE6300BAC089 /* AppInternalError.swift in Sources */,
				475691942459D15600283D34 /* SettingsTableViewDataSourceProtocol.swift in Sources */,
				473550E7245072DC001F4679 /* BaseViewController.swift in Sources */,
				473550EB24507473001F4679 /* ITunesService.swift in Sources */,
				4765EB50245AE21E00A8EED0 /* DefaultErrorProposer.swift in Sources */,
				4766BF5928BADC3700081145 /* Constants.swift in Sources */,
				4765EB4E245AE1DB00A8EED0 /* ErrorExtractorProtocol.swift in Sources */,
				4765EB63245AFA1800A8EED0 /* MoyaParseErrorExtractor.swift in Sources */,
			);
			runOnlyForDeploymentPostprocessing = 0;
		};
		4765EB32245A4DF100A8EED0 /* Sources */ = {
			isa = PBXSourcesBuildPhase;
			buildActionMask = 2147483647;
			files = (
				4766BF5D28BAE00E00081145 /* String+Localization.swift in Sources */,
				472A609328BFFBBA00F614D7 /* ITunesResponseModel.swift in Sources */,
				472A609B28BFFCCB00F614D7 /* NetworkProviderMock.swift in Sources */,
				472A609A28BFFCCB00F614D7 /* iTunesTestTests.swift in Sources */,
				472A608E28BFF70A00F614D7 /* AlbumProtocol.swift in Sources */,
				472A609228BFF94400F614D7 /* AlbumModel.swift in Sources */,
				47B8C49628BEC30B00107689 /* AgeServiceProtocol.swift in Sources */,
			);
			runOnlyForDeploymentPostprocessing = 0;
		};
/* End PBXSourcesBuildPhase section */

/* Begin PBXTargetDependency section */
		4765EB3C245A4DF100A8EED0 /* PBXTargetDependency */ = {
			isa = PBXTargetDependency;
			target = 473550BE245067B5001F4679 /* iTunesTest */;
			targetProxy = 4765EB3B245A4DF100A8EED0 /* PBXContainerItemProxy */;
		};
/* End PBXTargetDependency section */

/* Begin PBXVariantGroup section */
		473550C8245067B6001F4679 /* Main.storyboard */ = {
			isa = PBXVariantGroup;
			children = (
				473550C9245067B6001F4679 /* Base */,
			);
			name = Main.storyboard;
			sourceTree = "<group>";
		};
		473550CD245067C1001F4679 /* LaunchScreen.storyboard */ = {
			isa = PBXVariantGroup;
			children = (
				473550CE245067C1001F4679 /* Base */,
			);
			name = LaunchScreen.storyboard;
			sourceTree = "<group>";
		};
/* End PBXVariantGroup section */

/* Begin XCBuildConfiguration section */
		473550D1245067C1001F4679 /* Debug */ = {
			isa = XCBuildConfiguration;
			buildSettings = {
				ALWAYS_SEARCH_USER_PATHS = NO;
				CLANG_ANALYZER_NONNULL = YES;
				CLANG_ANALYZER_NUMBER_OBJECT_CONVERSION = YES_AGGRESSIVE;
				CLANG_CXX_LANGUAGE_STANDARD = "gnu++14";
				CLANG_CXX_LIBRARY = "libc++";
				CLANG_ENABLE_MODULES = YES;
				CLANG_ENABLE_OBJC_ARC = YES;
				CLANG_ENABLE_OBJC_WEAK = YES;
				CLANG_WARN_BLOCK_CAPTURE_AUTORELEASING = YES;
				CLANG_WARN_BOOL_CONVERSION = YES;
				CLANG_WARN_COMMA = YES;
				CLANG_WARN_CONSTANT_CONVERSION = YES;
				CLANG_WARN_DEPRECATED_OBJC_IMPLEMENTATIONS = YES;
				CLANG_WARN_DIRECT_OBJC_ISA_USAGE = YES_ERROR;
				CLANG_WARN_DOCUMENTATION_COMMENTS = YES;
				CLANG_WARN_EMPTY_BODY = YES;
				CLANG_WARN_ENUM_CONVERSION = YES;
				CLANG_WARN_INFINITE_RECURSION = YES;
				CLANG_WARN_INT_CONVERSION = YES;
				CLANG_WARN_NON_LITERAL_NULL_CONVERSION = YES;
				CLANG_WARN_OBJC_IMPLICIT_RETAIN_SELF = YES;
				CLANG_WARN_OBJC_LITERAL_CONVERSION = YES;
				CLANG_WARN_OBJC_ROOT_CLASS = YES_ERROR;
				CLANG_WARN_RANGE_LOOP_ANALYSIS = YES;
				CLANG_WARN_STRICT_PROTOTYPES = YES;
				CLANG_WARN_SUSPICIOUS_MOVE = YES;
				CLANG_WARN_UNGUARDED_AVAILABILITY = YES_AGGRESSIVE;
				CLANG_WARN_UNREACHABLE_CODE = YES;
				CLANG_WARN__DUPLICATE_METHOD_MATCH = YES;
				COPY_PHASE_STRIP = NO;
				DEBUG_INFORMATION_FORMAT = dwarf;
				ENABLE_BITCODE = NO;
				ENABLE_STRICT_OBJC_MSGSEND = YES;
				ENABLE_TESTABILITY = YES;
				GCC_C_LANGUAGE_STANDARD = gnu11;
				GCC_DYNAMIC_NO_PIC = NO;
				GCC_NO_COMMON_BLOCKS = YES;
				GCC_OPTIMIZATION_LEVEL = 0;
				GCC_PREPROCESSOR_DEFINITIONS = (
					"DEBUG=1",
					"$(inherited)",
				);
				GCC_WARN_64_TO_32_BIT_CONVERSION = YES;
				GCC_WARN_ABOUT_RETURN_TYPE = YES_ERROR;
				GCC_WARN_UNDECLARED_SELECTOR = YES;
				GCC_WARN_UNINITIALIZED_AUTOS = YES_AGGRESSIVE;
				GCC_WARN_UNUSED_FUNCTION = YES;
				GCC_WARN_UNUSED_VARIABLE = YES;
				IPHONEOS_DEPLOYMENT_TARGET = 13.2;
				MTL_ENABLE_DEBUG_INFO = INCLUDE_SOURCE;
				MTL_FAST_MATH = YES;
				ONLY_ACTIVE_ARCH = YES;
				SDKROOT = iphoneos;
				SWIFT_ACTIVE_COMPILATION_CONDITIONS = DEBUG;
				SWIFT_OPTIMIZATION_LEVEL = "-Onone";
				SWIFT_VERSION = "";
			};
			name = Debug;
		};
		473550D2245067C1001F4679 /* Release */ = {
			isa = XCBuildConfiguration;
			buildSettings = {
				ALWAYS_SEARCH_USER_PATHS = NO;
				CLANG_ANALYZER_NONNULL = YES;
				CLANG_ANALYZER_NUMBER_OBJECT_CONVERSION = YES_AGGRESSIVE;
				CLANG_CXX_LANGUAGE_STANDARD = "gnu++14";
				CLANG_CXX_LIBRARY = "libc++";
				CLANG_ENABLE_MODULES = YES;
				CLANG_ENABLE_OBJC_ARC = YES;
				CLANG_ENABLE_OBJC_WEAK = YES;
				CLANG_WARN_BLOCK_CAPTURE_AUTORELEASING = YES;
				CLANG_WARN_BOOL_CONVERSION = YES;
				CLANG_WARN_COMMA = YES;
				CLANG_WARN_CONSTANT_CONVERSION = YES;
				CLANG_WARN_DEPRECATED_OBJC_IMPLEMENTATIONS = YES;
				CLANG_WARN_DIRECT_OBJC_ISA_USAGE = YES_ERROR;
				CLANG_WARN_DOCUMENTATION_COMMENTS = YES;
				CLANG_WARN_EMPTY_BODY = YES;
				CLANG_WARN_ENUM_CONVERSION = YES;
				CLANG_WARN_INFINITE_RECURSION = YES;
				CLANG_WARN_INT_CONVERSION = YES;
				CLANG_WARN_NON_LITERAL_NULL_CONVERSION = YES;
				CLANG_WARN_OBJC_IMPLICIT_RETAIN_SELF = YES;
				CLANG_WARN_OBJC_LITERAL_CONVERSION = YES;
				CLANG_WARN_OBJC_ROOT_CLASS = YES_ERROR;
				CLANG_WARN_RANGE_LOOP_ANALYSIS = YES;
				CLANG_WARN_STRICT_PROTOTYPES = YES;
				CLANG_WARN_SUSPICIOUS_MOVE = YES;
				CLANG_WARN_UNGUARDED_AVAILABILITY = YES_AGGRESSIVE;
				CLANG_WARN_UNREACHABLE_CODE = YES;
				CLANG_WARN__DUPLICATE_METHOD_MATCH = YES;
				COPY_PHASE_STRIP = NO;
				DEBUG_INFORMATION_FORMAT = "dwarf-with-dsym";
				ENABLE_BITCODE = NO;
				ENABLE_NS_ASSERTIONS = NO;
				ENABLE_STRICT_OBJC_MSGSEND = YES;
				GCC_C_LANGUAGE_STANDARD = gnu11;
				GCC_NO_COMMON_BLOCKS = YES;
				GCC_WARN_64_TO_32_BIT_CONVERSION = YES;
				GCC_WARN_ABOUT_RETURN_TYPE = YES_ERROR;
				GCC_WARN_UNDECLARED_SELECTOR = YES;
				GCC_WARN_UNINITIALIZED_AUTOS = YES_AGGRESSIVE;
				GCC_WARN_UNUSED_FUNCTION = YES;
				GCC_WARN_UNUSED_VARIABLE = YES;
				IPHONEOS_DEPLOYMENT_TARGET = 13.2;
				MTL_ENABLE_DEBUG_INFO = NO;
				MTL_FAST_MATH = YES;
				SDKROOT = iphoneos;
				SWIFT_COMPILATION_MODE = wholemodule;
				SWIFT_OPTIMIZATION_LEVEL = "-O";
				SWIFT_VERSION = "";
				VALIDATE_PRODUCT = YES;
			};
			name = Release;
		};
		473550D4245067C1001F4679 /* Debug */ = {
			isa = XCBuildConfiguration;
			baseConfigurationReference = 26E62B561296D8521119D59A /* Pods-iTunesTest.debug.xcconfig */;
			buildSettings = {
				ASSETCATALOG_COMPILER_APPICON_NAME = AppIcon;
				CODE_SIGN_STYLE = Automatic;
				DEVELOPMENT_TEAM = 93C5VCR5UY;
				INFOPLIST_FILE = "iTunesTest/Supporting Files/Info.plist";
				LD_RUNPATH_SEARCH_PATHS = (
					"$(inherited)",
					"@executable_path/Frameworks",
				);
				PRODUCT_BUNDLE_IDENTIFIER = self.iTunesTest;
				PRODUCT_NAME = "$(TARGET_NAME)";
				SWIFT_VERSION = 5.0;
				TARGETED_DEVICE_FAMILY = "1,2";
			};
			name = Debug;
		};
		473550D5245067C1001F4679 /* Release */ = {
			isa = XCBuildConfiguration;
			baseConfigurationReference = 7F080E4DB1C3E65FBC2F73D2 /* Pods-iTunesTest.release.xcconfig */;
			buildSettings = {
				ASSETCATALOG_COMPILER_APPICON_NAME = AppIcon;
				CODE_SIGN_STYLE = Automatic;
				DEVELOPMENT_TEAM = 93C5VCR5UY;
				INFOPLIST_FILE = "iTunesTest/Supporting Files/Info.plist";
				LD_RUNPATH_SEARCH_PATHS = (
					"$(inherited)",
					"@executable_path/Frameworks",
				);
				PRODUCT_BUNDLE_IDENTIFIER = self.iTunesTest;
				PRODUCT_NAME = "$(TARGET_NAME)";
				SWIFT_VERSION = 5.0;
				TARGETED_DEVICE_FAMILY = "1,2";
			};
			name = Release;
		};
		4765EB3E245A4DF100A8EED0 /* Debug */ = {
			isa = XCBuildConfiguration;
			buildSettings = {
				BUNDLE_LOADER = "$(TEST_HOST)";
				CODE_SIGN_STYLE = Automatic;
				DEVELOPMENT_TEAM = 3R8784ZA8P;
				HEADER_SEARCH_PATHS = "$(SRCROOT)/Pods";
				INFOPLIST_FILE = iTunesTestTests/Info.plist;
				LD_RUNPATH_SEARCH_PATHS = (
					"$(inherited)",
					"@executable_path/Frameworks",
					"@loader_path/Frameworks",
				);
				PRODUCT_BUNDLE_IDENTIFIER = iTunesTestTests;
				PRODUCT_NAME = "$(TARGET_NAME)";
				SWIFT_VERSION = 5.0;
				TARGETED_DEVICE_FAMILY = "1,2";
				TEST_HOST = "$(BUILT_PRODUCTS_DIR)/iTunesTest.app/iTunesTest";
			};
			name = Debug;
		};
		4765EB3F245A4DF100A8EED0 /* Release */ = {
			isa = XCBuildConfiguration;
			buildSettings = {
				BUNDLE_LOADER = "$(TEST_HOST)";
				CODE_SIGN_STYLE = Automatic;
				DEVELOPMENT_TEAM = 3R8784ZA8P;
				HEADER_SEARCH_PATHS = "$(SRCROOT)/Pods";
				INFOPLIST_FILE = iTunesTestTests/Info.plist;
				LD_RUNPATH_SEARCH_PATHS = (
					"$(inherited)",
					"@executable_path/Frameworks",
					"@loader_path/Frameworks",
				);
				PRODUCT_BUNDLE_IDENTIFIER = iTunesTestTests;
				PRODUCT_NAME = "$(TARGET_NAME)";
				SWIFT_VERSION = 5.0;
				TARGETED_DEVICE_FAMILY = "1,2";
				TEST_HOST = "$(BUILT_PRODUCTS_DIR)/iTunesTest.app/iTunesTest";
			};
			name = Release;
		};
/* End XCBuildConfiguration section */

/* Begin XCConfigurationList section */
		473550BA245067B5001F4679 /* Build configuration list for PBXProject "iTunesTest" */ = {
			isa = XCConfigurationList;
			buildConfigurations = (
				473550D1245067C1001F4679 /* Debug */,
				473550D2245067C1001F4679 /* Release */,
			);
			defaultConfigurationIsVisible = 0;
			defaultConfigurationName = Release;
		};
		473550D3245067C1001F4679 /* Build configuration list for PBXNativeTarget "iTunesTest" */ = {
			isa = XCConfigurationList;
			buildConfigurations = (
				473550D4245067C1001F4679 /* Debug */,
				473550D5245067C1001F4679 /* Release */,
			);
			defaultConfigurationIsVisible = 0;
			defaultConfigurationName = Release;
		};
		4765EB3D245A4DF100A8EED0 /* Build configuration list for PBXNativeTarget "iTunesTestTests" */ = {
			isa = XCConfigurationList;
			buildConfigurations = (
				4765EB3E245A4DF100A8EED0 /* Debug */,
				4765EB3F245A4DF100A8EED0 /* Release */,
			);
			defaultConfigurationIsVisible = 0;
			defaultConfigurationName = Release;
		};
/* End XCConfigurationList section */
	};
	rootObject = 473550B7245067B5001F4679 /* Project object */;
}
